
Microsoft Visual Studio Solution File, Format Version 12.00
# Visual Studio Version 16
VisualStudioVersion = 16.0.30309.148
MinimumVisualStudioVersion = 10.0.40219.1
Project("{FAE04EC0-301F-11D3-BF4B-00C04F79EFBC}") = "PES-Raumplan", "PES-Raumplan\PES-Raumplan.csproj", "{BDB310B1-FFA3-44D1-91CA-2145E348D123}"
EndProject
Global
	GlobalSection(SolutionConfigurationPlatforms) = preSolution
		Debug|Any CPU = Debug|Any CPU
		Release|Any CPU = Release|Any CPU
	EndGlobalSection
	GlobalSection(ProjectConfigurationPlatforms) = postSolution
		{BDB310B1-FFA3-44D1-91CA-2145E348D123}.Debug|Any CPU.ActiveCfg = Debug|Any CPU
		{BDB310B1-FFA3-44D1-91CA-2145E348D123}.Debug|Any CPU.Build.0 = Debug|Any CPU
		{BDB310B1-FFA3-44D1-91CA-2145E348D123}.Release|Any CPU.ActiveCfg = Release|Any CPU
		{BDB310B1-FFA3-44D1-91CA-2145E348D123}.Release|Any CPU.Build.0 = Release|Any CPU
	EndGlobalSection
	GlobalSection(SolutionProperties) = preSolution
		HideSolutionNode = FALSE
	EndGlobalSection
	GlobalSection(ExtensibilityGlobals) = postSolution
		SolutionGuid = {42DD3CC4-14AD-418E-86DA-E4C33C3386BB}
	EndGlobalSection
EndGlobal
